// !$*UTF8*$!
{
	archiveVersion = 1;
	classes = {
	};
	objectVersion = 46;
	objects = {

/* Begin PBXBuildFile section */
		7A16CF0013E1AD370060A0F5 /* WebOSGenericAction.m in Sources */ = {isa = PBXBuildFile; fileRef = 7A16CEFF13E1AD370060A0F5 /* WebOSGenericAction.m */; };
		7A2978EF13EAE1D0004D5DC7 /* NSObject+SBJson.m in Sources */ = {isa = PBXBuildFile; fileRef = 7A2978D713EAE1D0004D5DC7 /* NSObject+SBJson.m */; };
		7A2978F013EAE1D0004D5DC7 /* SBJsonParser.m in Sources */ = {isa = PBXBuildFile; fileRef = 7A2978DA13EAE1D0004D5DC7 /* SBJsonParser.m */; };
		7A2978F113EAE1D0004D5DC7 /* SBJsonStreamParser.m in Sources */ = {isa = PBXBuildFile; fileRef = 7A2978DC13EAE1D0004D5DC7 /* SBJsonStreamParser.m */; };
		7A2978F213EAE1D0004D5DC7 /* SBJsonStreamParserAccumulator.m in Sources */ = {isa = PBXBuildFile; fileRef = 7A2978DE13EAE1D0004D5DC7 /* SBJsonStreamParserAccumulator.m */; };
		7A2978F313EAE1D0004D5DC7 /* SBJsonStreamParserAdapter.m in Sources */ = {isa = PBXBuildFile; fileRef = 7A2978E013EAE1D0004D5DC7 /* SBJsonStreamParserAdapter.m */; };
		7A2978F413EAE1D0004D5DC7 /* SBJsonStreamParserState.m in Sources */ = {isa = PBXBuildFile; fileRef = 7A2978E213EAE1D0004D5DC7 /* SBJsonStreamParserState.m */; };
		7A2978F513EAE1D0004D5DC7 /* SBJsonStreamWriter.m in Sources */ = {isa = PBXBuildFile; fileRef = 7A2978E413EAE1D0004D5DC7 /* SBJsonStreamWriter.m */; };
		7A2978F613EAE1D0004D5DC7 /* SBJsonStreamWriterAccumulator.m in Sources */ = {isa = PBXBuildFile; fileRef = 7A2978E613EAE1D0004D5DC7 /* SBJsonStreamWriterAccumulator.m */; };
		7A2978F713EAE1D0004D5DC7 /* SBJsonStreamWriterState.m in Sources */ = {isa = PBXBuildFile; fileRef = 7A2978E813EAE1D0004D5DC7 /* SBJsonStreamWriterState.m */; };
		7A2978F813EAE1D0004D5DC7 /* SBJsonTokeniser.m in Sources */ = {isa = PBXBuildFile; fileRef = 7A2978EA13EAE1D0004D5DC7 /* SBJsonTokeniser.m */; };
		7A2978F913EAE1D0004D5DC7 /* SBJsonUTF8Stream.m in Sources */ = {isa = PBXBuildFile; fileRef = 7A2978EC13EAE1D0004D5DC7 /* SBJsonUTF8Stream.m */; };
		7A2978FA13EAE1D0004D5DC7 /* SBJsonWriter.m in Sources */ = {isa = PBXBuildFile; fileRef = 7A2978EE13EAE1D0004D5DC7 /* SBJsonWriter.m */; };
		7A2D613D13E0D7C600EE958D /* Cocoa.framework in Frameworks */ = {isa = PBXBuildFile; fileRef = 7A2D613C13E0D7C600EE958D /* Cocoa.framework */; };
		7A2D616913E0DBFB00EE958D /* CodeSenseLibraries in CopyFiles */ = {isa = PBXBuildFile; fileRef = 7A2D616413E0DBF300EE958D /* CodeSenseLibraries */; };
		7A2D616A13E0DBFB00EE958D /* CodeSenseProviders in CopyFiles */ = {isa = PBXBuildFile; fileRef = 7A2D616513E0DBF300EE958D /* CodeSenseProviders */; };
		7A2D616B13E0DBFB00EE958D /* FileActions in CopyFiles */ = {isa = PBXBuildFile; fileRef = 7A2D616613E0DBF300EE958D /* FileActions */; };
		7A2D616C13E0DBFB00EE958D /* TextActions in CopyFiles */ = {isa = PBXBuildFile; fileRef = 7A2D616813E0DBF300EE958D /* TextActions */; };
		7ACB84F413EC342F008C1617 /* WebOSLaunchEmulator.m in Sources */ = {isa = PBXBuildFile; fileRef = 7ACB84F313EC342F008C1617 /* WebOSLaunchEmulator.m */; };
		7ACB84FB13EC376B008C1617 /* WebOSCommandAppID.m in Sources */ = {isa = PBXBuildFile; fileRef = 7ACB84FA13EC376B008C1617 /* WebOSCommandAppID.m */; };
/* End PBXBuildFile section */

/* Begin PBXCopyFilesBuildPhase section */
		7A2D615513E0DB0900EE958D /* CopyFiles */ = {
			isa = PBXCopyFilesBuildPhase;
			buildActionMask = 2147483647;
			dstPath = "";
			dstSubfolderSpec = 1;
			files = (
				7A2D616913E0DBFB00EE958D /* CodeSenseLibraries in CopyFiles */,
				7A2D616A13E0DBFB00EE958D /* CodeSenseProviders in CopyFiles */,
				7A2D616B13E0DBFB00EE958D /* FileActions in CopyFiles */,
				7A2D616C13E0DBFB00EE958D /* TextActions in CopyFiles */,
			);
			runOnlyForDeploymentPostprocessing = 0;
		};
/* End PBXCopyFilesBuildPhase section */

/* Begin PBXFileReference section */
		7A16CEFE13E1AD370060A0F5 /* WebOSGenericAction.h */ = {isa = PBXFileReference; fileEncoding = 4; lastKnownFileType = sourcecode.c.h; name = WebOSGenericAction.h; path = Classes/WebOSGenericAction.h; sourceTree = SOURCE_ROOT; };
		7A16CEFF13E1AD370060A0F5 /* WebOSGenericAction.m */ = {isa = PBXFileReference; fileEncoding = 4; lastKnownFileType = sourcecode.c.objc; name = WebOSGenericAction.m; path = Classes/WebOSGenericAction.m; sourceTree = SOURCE_ROOT; };
		7A2978D513EAE1D0004D5DC7 /* JSON.h */ = {isa = PBXFileReference; fileEncoding = 4; lastKnownFileType = sourcecode.c.h; name = JSON.h; path = "json-framework/Classes/JSON.h"; sourceTree = SOURCE_ROOT; };
		7A2978D613EAE1D0004D5DC7 /* NSObject+SBJson.h */ = {isa = PBXFileReference; fileEncoding = 4; lastKnownFileType = sourcecode.c.h; name = "NSObject+SBJson.h"; path = "json-framework/Classes/NSObject+SBJson.h"; sourceTree = SOURCE_ROOT; };
		7A2978D713EAE1D0004D5DC7 /* NSObject+SBJson.m */ = {isa = PBXFileReference; fileEncoding = 4; lastKnownFileType = sourcecode.c.objc; name = "NSObject+SBJson.m"; path = "json-framework/Classes/NSObject+SBJson.m"; sourceTree = SOURCE_ROOT; };
		7A2978D813EAE1D0004D5DC7 /* SBJson.h */ = {isa = PBXFileReference; fileEncoding = 4; lastKnownFileType = sourcecode.c.h; name = SBJson.h; path = "json-framework/Classes/SBJson.h"; sourceTree = SOURCE_ROOT; };
		7A2978D913EAE1D0004D5DC7 /* SBJsonParser.h */ = {isa = PBXFileReference; fileEncoding = 4; lastKnownFileType = sourcecode.c.h; name = SBJsonParser.h; path = "json-framework/Classes/SBJsonParser.h"; sourceTree = SOURCE_ROOT; };
		7A2978DA13EAE1D0004D5DC7 /* SBJsonParser.m */ = {isa = PBXFileReference; fileEncoding = 4; lastKnownFileType = sourcecode.c.objc; name = SBJsonParser.m; path = "json-framework/Classes/SBJsonParser.m"; sourceTree = SOURCE_ROOT; };
		7A2978DB13EAE1D0004D5DC7 /* SBJsonStreamParser.h */ = {isa = PBXFileReference; fileEncoding = 4; lastKnownFileType = sourcecode.c.h; name = SBJsonStreamParser.h; path = "json-framework/Classes/SBJsonStreamParser.h"; sourceTree = SOURCE_ROOT; };
		7A2978DC13EAE1D0004D5DC7 /* SBJsonStreamParser.m */ = {isa = PBXFileReference; fileEncoding = 4; lastKnownFileType = sourcecode.c.objc; name = SBJsonStreamParser.m; path = "json-framework/Classes/SBJsonStreamParser.m"; sourceTree = SOURCE_ROOT; };
		7A2978DD13EAE1D0004D5DC7 /* SBJsonStreamParserAccumulator.h */ = {isa = PBXFileReference; fileEncoding = 4; lastKnownFileType = sourcecode.c.h; name = SBJsonStreamParserAccumulator.h; path = "json-framework/Classes/SBJsonStreamParserAccumulator.h"; sourceTree = SOURCE_ROOT; };
		7A2978DE13EAE1D0004D5DC7 /* SBJsonStreamParserAccumulator.m */ = {isa = PBXFileReference; fileEncoding = 4; lastKnownFileType = sourcecode.c.objc; name = SBJsonStreamParserAccumulator.m; path = "json-framework/Classes/SBJsonStreamParserAccumulator.m"; sourceTree = SOURCE_ROOT; };
		7A2978DF13EAE1D0004D5DC7 /* SBJsonStreamParserAdapter.h */ = {isa = PBXFileReference; fileEncoding = 4; lastKnownFileType = sourcecode.c.h; name = SBJsonStreamParserAdapter.h; path = "json-framework/Classes/SBJsonStreamParserAdapter.h"; sourceTree = SOURCE_ROOT; };
		7A2978E013EAE1D0004D5DC7 /* SBJsonStreamParserAdapter.m */ = {isa = PBXFileReference; fileEncoding = 4; lastKnownFileType = sourcecode.c.objc; name = SBJsonStreamParserAdapter.m; path = "json-framework/Classes/SBJsonStreamParserAdapter.m"; sourceTree = SOURCE_ROOT; };
		7A2978E113EAE1D0004D5DC7 /* SBJsonStreamParserState.h */ = {isa = PBXFileReference; fileEncoding = 4; lastKnownFileType = sourcecode.c.h; name = SBJsonStreamParserState.h; path = "json-framework/Classes/SBJsonStreamParserState.h"; sourceTree = SOURCE_ROOT; };
		7A2978E213EAE1D0004D5DC7 /* SBJsonStreamParserState.m */ = {isa = PBXFileReference; fileEncoding = 4; lastKnownFileType = sourcecode.c.objc; name = SBJsonStreamParserState.m; path = "json-framework/Classes/SBJsonStreamParserState.m"; sourceTree = SOURCE_ROOT; };
		7A2978E313EAE1D0004D5DC7 /* SBJsonStreamWriter.h */ = {isa = PBXFileReference; fileEncoding = 4; lastKnownFileType = sourcecode.c.h; name = SBJsonStreamWriter.h; path = "json-framework/Classes/SBJsonStreamWriter.h"; sourceTree = SOURCE_ROOT; };
		7A2978E413EAE1D0004D5DC7 /* SBJsonStreamWriter.m */ = {isa = PBXFileReference; fileEncoding = 4; lastKnownFileType = sourcecode.c.objc; name = SBJsonStreamWriter.m; path = "json-framework/Classes/SBJsonStreamWriter.m"; sourceTree = SOURCE_ROOT; };
		7A2978E513EAE1D0004D5DC7 /* SBJsonStreamWriterAccumulator.h */ = {isa = PBXFileReference; fileEncoding = 4; lastKnownFileType = sourcecode.c.h; name = SBJsonStreamWriterAccumulator.h; path = "json-framework/Classes/SBJsonStreamWriterAccumulator.h"; sourceTree = SOURCE_ROOT; };
		7A2978E613EAE1D0004D5DC7 /* SBJsonStreamWriterAccumulator.m */ = {isa = PBXFileReference; fileEncoding = 4; lastKnownFileType = sourcecode.c.objc; name = SBJsonStreamWriterAccumulator.m; path = "json-framework/Classes/SBJsonStreamWriterAccumulator.m"; sourceTree = SOURCE_ROOT; };
		7A2978E713EAE1D0004D5DC7 /* SBJsonStreamWriterState.h */ = {isa = PBXFileReference; fileEncoding = 4; lastKnownFileType = sourcecode.c.h; name = SBJsonStreamWriterState.h; path = "json-framework/Classes/SBJsonStreamWriterState.h"; sourceTree = SOURCE_ROOT; };
		7A2978E813EAE1D0004D5DC7 /* SBJsonStreamWriterState.m */ = {isa = PBXFileReference; fileEncoding = 4; lastKnownFileType = sourcecode.c.objc; name = SBJsonStreamWriterState.m; path = "json-framework/Classes/SBJsonStreamWriterState.m"; sourceTree = SOURCE_ROOT; };
		7A2978E913EAE1D0004D5DC7 /* SBJsonTokeniser.h */ = {isa = PBXFileReference; fileEncoding = 4; lastKnownFileType = sourcecode.c.h; name = SBJsonTokeniser.h; path = "json-framework/Classes/SBJsonTokeniser.h"; sourceTree = SOURCE_ROOT; };
		7A2978EA13EAE1D0004D5DC7 /* SBJsonTokeniser.m */ = {isa = PBXFileReference; fileEncoding = 4; lastKnownFileType = sourcecode.c.objc; name = SBJsonTokeniser.m; path = "json-framework/Classes/SBJsonTokeniser.m"; sourceTree = SOURCE_ROOT; };
		7A2978EB13EAE1D0004D5DC7 /* SBJsonUTF8Stream.h */ = {isa = PBXFileReference; fileEncoding = 4; lastKnownFileType = sourcecode.c.h; name = SBJsonUTF8Stream.h; path = "json-framework/Classes/SBJsonUTF8Stream.h"; sourceTree = SOURCE_ROOT; };
		7A2978EC13EAE1D0004D5DC7 /* SBJsonUTF8Stream.m */ = {isa = PBXFileReference; fileEncoding = 4; lastKnownFileType = sourcecode.c.objc; name = SBJsonUTF8Stream.m; path = "json-framework/Classes/SBJsonUTF8Stream.m"; sourceTree = SOURCE_ROOT; };
		7A2978ED13EAE1D0004D5DC7 /* SBJsonWriter.h */ = {isa = PBXFileReference; fileEncoding = 4; lastKnownFileType = sourcecode.c.h; name = SBJsonWriter.h; path = "json-framework/Classes/SBJsonWriter.h"; sourceTree = SOURCE_ROOT; };
		7A2978EE13EAE1D0004D5DC7 /* SBJsonWriter.m */ = {isa = PBXFileReference; fileEncoding = 4; lastKnownFileType = sourcecode.c.objc; name = SBJsonWriter.m; path = "json-framework/Classes/SBJsonWriter.m"; sourceTree = SOURCE_ROOT; };
		7A2D613913E0D7C600EE958D /* WebOS.sugar */ = {isa = PBXFileReference; explicitFileType = wrapper.cfbundle; includeInIndex = 0; path = WebOS.sugar; sourceTree = BUILT_PRODUCTS_DIR; };
		7A2D613C13E0D7C600EE958D /* Cocoa.framework */ = {isa = PBXFileReference; lastKnownFileType = wrapper.framework; name = Cocoa.framework; path = System/Library/Frameworks/Cocoa.framework; sourceTree = SDKROOT; };
		7A2D613F13E0D7C600EE958D /* AppKit.framework */ = {isa = PBXFileReference; lastKnownFileType = wrapper.framework; name = AppKit.framework; path = System/Library/Frameworks/AppKit.framework; sourceTree = SDKROOT; };
		7A2D614013E0D7C600EE958D /* CoreData.framework */ = {isa = PBXFileReference; lastKnownFileType = wrapper.framework; name = CoreData.framework; path = System/Library/Frameworks/CoreData.framework; sourceTree = SDKROOT; };
		7A2D614113E0D7C600EE958D /* Foundation.framework */ = {isa = PBXFileReference; lastKnownFileType = wrapper.framework; name = Foundation.framework; path = System/Library/Frameworks/Foundation.framework; sourceTree = SDKROOT; };
		7A2D614413E0D7C600EE958D /* Info.plist */ = {isa = PBXFileReference; lastKnownFileType = text.plist; name = Info.plist; path = "Supporting Files/Info.plist"; sourceTree = "<group>"; };
		7A2D614813E0D7C600EE958D /* WebOS_Prefix.pch */ = {isa = PBXFileReference; lastKnownFileType = sourcecode.c.h; name = WebOS_Prefix.pch; path = "Supporting Files/WebOS_Prefix.pch"; sourceTree = "<group>"; };
		7A2D616413E0DBF300EE958D /* CodeSenseLibraries */ = {isa = PBXFileReference; lastKnownFileType = folder; name = CodeSenseLibraries; path = "XML Based/CodeSenseLibraries"; sourceTree = SOURCE_ROOT; };
		7A2D616513E0DBF300EE958D /* CodeSenseProviders */ = {isa = PBXFileReference; lastKnownFileType = folder; name = CodeSenseProviders; path = "XML Based/CodeSenseProviders"; sourceTree = SOURCE_ROOT; };
		7A2D616613E0DBF300EE958D /* FileActions */ = {isa = PBXFileReference; lastKnownFileType = folder; name = FileActions; path = "XML Based/FileActions"; sourceTree = SOURCE_ROOT; };
		7A2D616813E0DBF300EE958D /* TextActions */ = {isa = PBXFileReference; lastKnownFileType = folder; name = TextActions; path = "XML Based/TextActions"; sourceTree = SOURCE_ROOT; };
		7ACB84F213EC342F008C1617 /* WebOSLaunchEmulator.h */ = {isa = PBXFileReference; fileEncoding = 4; lastKnownFileType = sourcecode.c.h; name = WebOSLaunchEmulator.h; path = Classes/WebOSLaunchEmulator.h; sourceTree = SOURCE_ROOT; };
		7ACB84F313EC342F008C1617 /* WebOSLaunchEmulator.m */ = {isa = PBXFileReference; fileEncoding = 4; lastKnownFileType = sourcecode.c.objc; name = WebOSLaunchEmulator.m; path = Classes/WebOSLaunchEmulator.m; sourceTree = SOURCE_ROOT; };
		7ACB84F913EC376B008C1617 /* WebOSCommandAppID.h */ = {isa = PBXFileReference; fileEncoding = 4; lastKnownFileType = sourcecode.c.h; name = WebOSCommandAppID.h; path = Classes/WebOSCommandAppID.h; sourceTree = SOURCE_ROOT; };
		7ACB84FA13EC376B008C1617 /* WebOSCommandAppID.m */ = {isa = PBXFileReference; fileEncoding = 4; lastKnownFileType = sourcecode.c.objc; name = WebOSCommandAppID.m; path = Classes/WebOSCommandAppID.m; sourceTree = SOURCE_ROOT; };
/* End PBXFileReference section */

/* Begin PBXFrameworksBuildPhase section */
		7A2D613613E0D7C600EE958D /* Frameworks */ = {
			isa = PBXFrameworksBuildPhase;
			buildActionMask = 2147483647;
			files = (
				7A2D613D13E0D7C600EE958D /* Cocoa.framework in Frameworks */,
			);
			runOnlyForDeploymentPostprocessing = 0;
		};
/* End PBXFrameworksBuildPhase section */

/* Begin PBXGroup section */
		7A16CEFC13E1AB820060A0F5 /* Classes */ = {
			isa = PBXGroup;
			children = (
				7A16CEFE13E1AD370060A0F5 /* WebOSGenericAction.h */,
				7A16CEFF13E1AD370060A0F5 /* WebOSGenericAction.m */,
				7ACB84F213EC342F008C1617 /* WebOSLaunchEmulator.h */,
				7ACB84F313EC342F008C1617 /* WebOSLaunchEmulator.m */,
				7ACB84F913EC376B008C1617 /* WebOSCommandAppID.h */,
				7ACB84FA13EC376B008C1617 /* WebOSCommandAppID.m */,
			);
			name = Classes;
			sourceTree = "<group>";
		};
		7A2978D313EAE1A0004D5DC7 /* JSON */ = {
			isa = PBXGroup;
			children = (
				7A2978D513EAE1D0004D5DC7 /* JSON.h */,
				7A2978D613EAE1D0004D5DC7 /* NSObject+SBJson.h */,
				7A2978D713EAE1D0004D5DC7 /* NSObject+SBJson.m */,
				7A2978D813EAE1D0004D5DC7 /* SBJson.h */,
				7A2978D913EAE1D0004D5DC7 /* SBJsonParser.h */,
				7A2978DA13EAE1D0004D5DC7 /* SBJsonParser.m */,
				7A2978DB13EAE1D0004D5DC7 /* SBJsonStreamParser.h */,
				7A2978DC13EAE1D0004D5DC7 /* SBJsonStreamParser.m */,
				7A2978DD13EAE1D0004D5DC7 /* SBJsonStreamParserAccumulator.h */,
				7A2978DE13EAE1D0004D5DC7 /* SBJsonStreamParserAccumulator.m */,
				7A2978DF13EAE1D0004D5DC7 /* SBJsonStreamParserAdapter.h */,
				7A2978E013EAE1D0004D5DC7 /* SBJsonStreamParserAdapter.m */,
				7A2978E113EAE1D0004D5DC7 /* SBJsonStreamParserState.h */,
				7A2978E213EAE1D0004D5DC7 /* SBJsonStreamParserState.m */,
				7A2978E313EAE1D0004D5DC7 /* SBJsonStreamWriter.h */,
				7A2978E413EAE1D0004D5DC7 /* SBJsonStreamWriter.m */,
				7A2978E513EAE1D0004D5DC7 /* SBJsonStreamWriterAccumulator.h */,
				7A2978E613EAE1D0004D5DC7 /* SBJsonStreamWriterAccumulator.m */,
				7A2978E713EAE1D0004D5DC7 /* SBJsonStreamWriterState.h */,
				7A2978E813EAE1D0004D5DC7 /* SBJsonStreamWriterState.m */,
				7A2978E913EAE1D0004D5DC7 /* SBJsonTokeniser.h */,
				7A2978EA13EAE1D0004D5DC7 /* SBJsonTokeniser.m */,
				7A2978EB13EAE1D0004D5DC7 /* SBJsonUTF8Stream.h */,
				7A2978EC13EAE1D0004D5DC7 /* SBJsonUTF8Stream.m */,
				7A2978ED13EAE1D0004D5DC7 /* SBJsonWriter.h */,
				7A2978EE13EAE1D0004D5DC7 /* SBJsonWriter.m */,
			);
			name = JSON;
			sourceTree = "<group>";
		};
		7A2D612E13E0D7C600EE958D = {
			isa = PBXGroup;
			children = (
				7A2D614213E0D7C600EE958D /* WebOS */,
				7A2D613B13E0D7C600EE958D /* Frameworks */,
				7A2D613A13E0D7C600EE958D /* Products */,
			);
			sourceTree = "<group>";
		};
		7A2D613A13E0D7C600EE958D /* Products */ = {
			isa = PBXGroup;
			children = (
				7A2D613913E0D7C600EE958D /* WebOS.sugar */,
			);
			name = Products;
			sourceTree = "<group>";
		};
		7A2D613B13E0D7C600EE958D /* Frameworks */ = {
			isa = PBXGroup;
			children = (
				7A2D613C13E0D7C600EE958D /* Cocoa.framework */,
				7A2D613E13E0D7C600EE958D /* Other Frameworks */,
			);
			name = Frameworks;
			sourceTree = "<group>";
		};
		7A2D613E13E0D7C600EE958D /* Other Frameworks */ = {
			isa = PBXGroup;
			children = (
				7A2D613F13E0D7C600EE958D /* AppKit.framework */,
				7A2D614013E0D7C600EE958D /* CoreData.framework */,
				7A2D614113E0D7C600EE958D /* Foundation.framework */,
			);
			name = "Other Frameworks";
			sourceTree = "<group>";
		};
		7A2D614213E0D7C600EE958D /* WebOS */ = {
			isa = PBXGroup;
			children = (
				7A2978D313EAE1A0004D5DC7 /* JSON */,
				7A16CEFC13E1AB820060A0F5 /* Classes */,
				7A2D616313E0DBDB00EE958D /* XML Based */,
				7A2D614313E0D7C600EE958D /* Supporting Files */,
			);
			path = WebOS;
			sourceTree = "<group>";
		};
		7A2D614313E0D7C600EE958D /* Supporting Files */ = {
			isa = PBXGroup;
			children = (
				7A2D614413E0D7C600EE958D /* Info.plist */,
				7A2D614813E0D7C600EE958D /* WebOS_Prefix.pch */,
			);
			name = "Supporting Files";
			sourceTree = "<group>";
		};
		7A2D616313E0DBDB00EE958D /* XML Based */ = {
			isa = PBXGroup;
			children = (
				7A2D616413E0DBF300EE958D /* CodeSenseLibraries */,
				7A2D616513E0DBF300EE958D /* CodeSenseProviders */,
				7A2D616613E0DBF300EE958D /* FileActions */,
				7A2D616813E0DBF300EE958D /* TextActions */,
			);
			name = "XML Based";
			sourceTree = "<group>";
		};
/* End PBXGroup section */

/* Begin PBXNativeTarget section */
		7A2D613813E0D7C600EE958D /* WebOS */ = {
			isa = PBXNativeTarget;
			buildConfigurationList = 7A2D614B13E0D7C600EE958D /* Build configuration list for PBXNativeTarget "WebOS" */;
			buildPhases = (
				7A2D613513E0D7C600EE958D /* Sources */,
				7A2D613613E0D7C600EE958D /* Frameworks */,
				7A2D613713E0D7C600EE958D /* Resources */,
				7A2D615513E0DB0900EE958D /* CopyFiles */,
			);
			buildRules = (
			);
			dependencies = (
			);
			name = WebOS;
			productName = WebOS;
			productReference = 7A2D613913E0D7C600EE958D /* WebOS.sugar */;
			productType = "com.apple.product-type.bundle";
		};
/* End PBXNativeTarget section */

/* Begin PBXProject section */
		7A2D613013E0D7C600EE958D /* Project object */ = {
			isa = PBXProject;
			attributes = {
				LastUpgradeCheck = 0410;
				ORGANIZATIONNAME = MacRabbit;
			};
			buildConfigurationList = 7A2D613313E0D7C600EE958D /* Build configuration list for PBXProject "WebOS" */;
			compatibilityVersion = "Xcode 3.2";
			developmentRegion = English;
			hasScannedForEncodings = 0;
			knownRegions = (
				en,
			);
			mainGroup = 7A2D612E13E0D7C600EE958D;
			productRefGroup = 7A2D613A13E0D7C600EE958D /* Products */;
			projectDirPath = "";
			projectRoot = "";
			targets = (
				7A2D613813E0D7C600EE958D /* WebOS */,
			);
		};
/* End PBXProject section */

/* Begin PBXResourcesBuildPhase section */
		7A2D613713E0D7C600EE958D /* Resources */ = {
			isa = PBXResourcesBuildPhase;
			buildActionMask = 2147483647;
			files = (
			);
			runOnlyForDeploymentPostprocessing = 0;
		};
/* End PBXResourcesBuildPhase section */

/* Begin PBXSourcesBuildPhase section */
		7A2D613513E0D7C600EE958D /* Sources */ = {
			isa = PBXSourcesBuildPhase;
			buildActionMask = 2147483647;
			files = (
				7A16CF0013E1AD370060A0F5 /* WebOSGenericAction.m in Sources */,
				7A2978EF13EAE1D0004D5DC7 /* NSObject+SBJson.m in Sources */,
				7A2978F013EAE1D0004D5DC7 /* SBJsonParser.m in Sources */,
				7A2978F113EAE1D0004D5DC7 /* SBJsonStreamParser.m in Sources */,
				7A2978F213EAE1D0004D5DC7 /* SBJsonStreamParserAccumulator.m in Sources */,
				7A2978F313EAE1D0004D5DC7 /* SBJsonStreamParserAdapter.m in Sources */,
				7A2978F413EAE1D0004D5DC7 /* SBJsonStreamParserState.m in Sources */,
				7A2978F513EAE1D0004D5DC7 /* SBJsonStreamWriter.m in Sources */,
				7A2978F613EAE1D0004D5DC7 /* SBJsonStreamWriterAccumulator.m in Sources */,
				7A2978F713EAE1D0004D5DC7 /* SBJsonStreamWriterState.m in Sources */,
				7A2978F813EAE1D0004D5DC7 /* SBJsonTokeniser.m in Sources */,
				7A2978F913EAE1D0004D5DC7 /* SBJsonUTF8Stream.m in Sources */,
				7A2978FA13EAE1D0004D5DC7 /* SBJsonWriter.m in Sources */,
				7ACB84F413EC342F008C1617 /* WebOSLaunchEmulator.m in Sources */,
				7ACB84FB13EC376B008C1617 /* WebOSCommandAppID.m in Sources */,
			);
			runOnlyForDeploymentPostprocessing = 0;
		};
/* End PBXSourcesBuildPhase section */

/* Begin XCBuildConfiguration section */
		7A2D614913E0D7C600EE958D /* Debug */ = {
			isa = XCBuildConfiguration;
			buildSettings = {
				ALWAYS_SEARCH_USER_PATHS = NO;
				ARCHS = "$(ARCHS_STANDARD_64_BIT)";
				COPY_PHASE_STRIP = NO;
				GCC_C_LANGUAGE_STANDARD = gnu99;
				GCC_DYNAMIC_NO_PIC = NO;
				GCC_ENABLE_OBJC_EXCEPTIONS = YES;
				GCC_OPTIMIZATION_LEVEL = 0;
				GCC_PREPROCESSOR_DEFINITIONS = (
					"DEBUG=1",
					"$(inherited)",
				);
				GCC_SYMBOLS_PRIVATE_EXTERN = NO;
				GCC_VERSION = com.apple.compilers.llvm.clang.1_0;
				GCC_WARN_64_TO_32_BIT_CONVERSION = YES;
				GCC_WARN_ABOUT_MISSING_PROTOTYPES = YES;
				GCC_WARN_ABOUT_RETURN_TYPE = YES;
				GCC_WARN_UNUSED_VARIABLE = YES;
				MACOSX_DEPLOYMENT_TARGET = 10.6;
				ONLY_ACTIVE_ARCH = YES;
				SDKROOT = macosx;
			};
			name = Debug;
		};
		7A2D614A13E0D7C600EE958D /* Release */ = {
			isa = XCBuildConfiguration;
			buildSettings = {
				ALWAYS_SEARCH_USER_PATHS = NO;
				ARCHS = "$(ARCHS_STANDARD_64_BIT)";
				COPY_PHASE_STRIP = YES;
				DEBUG_INFORMATION_FORMAT = "dwarf-with-dsym";
				GCC_C_LANGUAGE_STANDARD = gnu99;
				GCC_ENABLE_OBJC_EXCEPTIONS = YES;
				GCC_VERSION = com.apple.compilers.llvm.clang.1_0;
				GCC_WARN_64_TO_32_BIT_CONVERSION = YES;
				GCC_WARN_ABOUT_MISSING_PROTOTYPES = YES;
				GCC_WARN_ABOUT_RETURN_TYPE = YES;
				GCC_WARN_UNUSED_VARIABLE = YES;
				MACOSX_DEPLOYMENT_TARGET = 10.6;
				SDKROOT = macosx;
			};
			name = Release;
		};
		7A2D614C13E0D7C600EE958D /* Debug */ = {
			isa = XCBuildConfiguration;
			buildSettings = {
				APPLICATION_PATH = /Applications/Espresso.app;
				BUNDLE_LOADER = "$(APPLICATION_PATH)/Contents/MacOS/Espresso";
				GCC_PRECOMPILE_PREFIX_HEADER = YES;
				GCC_PREFIX_HEADER = "Supporting Files/WebOS_Prefix.pch";
				HEADER_SEARCH_PATHS = "$(APPLICATION_PATH)/Contents/Headers";
				INFOPLIST_FILE = "Supporting Files/Info.plist";
				MACOSX_DEPLOYMENT_TARGET = 10.6;
				PRODUCT_NAME = "$(TARGET_NAME)";
				SDKROOT = macosx10.6;
				WRAPPER_EXTENSION = sugar;
			};
			name = Debug;
		};
		7A2D614D13E0D7C600EE958D /* Release */ = {
			isa = XCBuildConfiguration;
			buildSettings = {
				APPLICATION_PATH = /Applications/Espresso.app;
				BUNDLE_LOADER = "$(APPLICATION_PATH)/Contents/MacOS/Espresso";
				GCC_PRECOMPILE_PREFIX_HEADER = YES;
				GCC_PREFIX_HEADER = "Supporting Files/WebOS_Prefix.pch";
				HEADER_SEARCH_PATHS = "$(APPLICATION_PATH)/Contents/Headers";
				INFOPLIST_FILE = "Supporting Files/Info.plist";
				MACOSX_DEPLOYMENT_TARGET = 10.6;
				PRODUCT_NAME = "$(TARGET_NAME)";
				SDKROOT = macosx10.6;
				WRAPPER_EXTENSION = sugar;
			};
			name = Release;
		};
/* End XCBuildConfiguration section */

/* Begin XCConfigurationList section */
		7A2D613313E0D7C600EE958D /* Build configuration list for PBXProject "WebOS" */ = {
			isa = XCConfigurationList;
			buildConfigurations = (
				7A2D614913E0D7C600EE958D /* Debug */,
				7A2D614A13E0D7C600EE958D /* Release */,
			);
			defaultConfigurationIsVisible = 0;
			defaultConfigurationName = Release;
		};
		7A2D614B13E0D7C600EE958D /* Build configuration list for PBXNativeTarget "WebOS" */ = {
			isa = XCConfigurationList;
			buildConfigurations = (
				7A2D614C13E0D7C600EE958D /* Debug */,
				7A2D614D13E0D7C600EE958D /* Release */,
			);
			defaultConfigurationIsVisible = 0;
			defaultConfigurationName = Release;
		};
/* End XCConfigurationList section */
	};
	rootObject = 7A2D613013E0D7C600EE958D /* Project object */;
}
